
Microsoft Visual Studio Solution File, Format Version 12.00
# Visual Studio Version 17
VisualStudioVersion = 17.4.33110.190
MinimumVisualStudioVersion = 10.0.40219.1
Project("{8BC9CEB8-8B4A-11D0-8D11-00A0C91BC942}") = "1_nstreams_sycl", "nstreams_sycl.vcxproj", "{CF4E39D0-D3FF-45EA-9889-A14D0CEF6F9A}"
EndProject
Project("{8BC9CEB8-8B4A-11D0-8D11-00A0C91BC942}") = "2_nstreams_policies", "nstreams_policies.vcxproj", "{656254D8-D86E-4F37-9FAF-1BC4244B9EF9}"
EndProject
Global
	GlobalSection(SolutionConfigurationPlatforms) = preSolution
		Debug|x64 = Debug|x64
		Release|x64 = Release|x64
	EndGlobalSection
	GlobalSection(ProjectConfigurationPlatforms) = postSolution
		{CF4E39D0-D3FF-45EA-9889-A14D0CEF6F9A}.Debug|x64.ActiveCfg = Debug|x64
		{CF4E39D0-D3FF-45EA-9889-A14D0CEF6F9A}.Debug|x64.Build.0 = Debug|x64
		{CF4E39D0-D3FF-45EA-9889-A14D0CEF6F9A}.Release|x64.ActiveCfg = Release|x64
		{CF4E39D0-D3FF-45EA-9889-A14D0CEF6F9A}.Release|x64.Build.0 = Release|x64
		{656254D8-D86E-4F37-9FAF-1BC4244B9EF9}.Debug|x64.ActiveCfg = Debug|x64
		{656254D8-D86E-4F37-9FAF-1BC4244B9EF9}.Debug|x64.Build.0 = Debug|x64
		{656254D8-D86E-4F37-9FAF-1BC4244B9EF9}.Release|x64.ActiveCfg = Release|x64
		{656254D8-D86E-4F37-9FAF-1BC4244B9EF9}.Release|x64.Build.0 = Release|x64
	EndGlobalSection
	GlobalSection(SolutionProperties) = preSolution
		HideSolutionNode = FALSE
	EndGlobalSection
	GlobalSection(ExtensibilityGlobals) = postSolution
		SolutionGuid = {AF71E9D3-F7D7-40DF-840B-76CCF923D092}
	EndGlobalSection
EndGlobal
