
Microsoft Visual Studio Solution File, Format Version 12.00
# Visual Studio 15
VisualStudioVersion = 15.0.28307.705
MinimumVisualStudioVersion = 10.0.40219.1
Project("{8BC9CEB8-8B4A-11D0-8D11-00A0C91BC942}") = "fpga_reg", "fpga_reg.vcxproj", "{73FCAD5C-4C93-4786-B662-A7273C515E22}"
EndProject
Global
	GlobalSection(SolutionConfigurationPlatforms) = preSolution
		Debug|x64 = Debug|x64
		Release|x64 = Release|x64
	EndGlobalSection
	GlobalSection(ProjectConfigurationPlatforms) = postSolution
		{73FCAD5C-4C93-4786-B662-A7273C515E22}.Debug|x64.ActiveCfg = Debug|x64
		{73FCAD5C-4C93-4786-B662-A7273C515E22}.Debug|x64.Build.0 = Debug|x64
		{73FCAD5C-4C93-4786-B662-A7273C515E22}.Release|x64.ActiveCfg = Release|x64
		{73FCAD5C-4C93-4786-B662-A7273C515E22}.Release|x64.Build.0 = Release|x64
	EndGlobalSection
	GlobalSection(SolutionProperties) = preSolution
		HideSolutionNode = FALSE
	EndGlobalSection
	GlobalSection(ExtensibilityGlobals) = postSolution
		SolutionGuid = {DE911CD1-4F98-4391-BD43-B02212357F5E}
	EndGlobalSection
EndGlobal
