
Microsoft Visual Studio Solution File, Format Version 12.00
# Visual Studio 15
VisualStudioVersion = 15.0.28307.1145
MinimumVisualStudioVersion = 10.0.40219.1
Project("{8BC9CEB8-8B4A-11D0-8D11-00A0C91BC942}") = "vector-add-usm", "vector-add-usm.vcxproj", "{58CE1265-5B1D-4CBA-9C84-C9E1F8FDFB54}"
EndProject
Project("{8BC9CEB8-8B4A-11D0-8D11-00A0C91BC942}") = "vector-add-buffers", "vector-add-buffers.vcxproj", "{F11989D7-DCFE-404A-A893-E89084841327}"
EndProject
Global
	GlobalSection(SolutionConfigurationPlatforms) = preSolution
		Debug|x64 = Debug|x64
		Debug-fpga|x64 = Debug-fpga|x64
		Release|x64 = Release|x64
	EndGlobalSection
	GlobalSection(ProjectConfigurationPlatforms) = postSolution
		{58CE1265-5B1D-4CBA-9C84-C9E1F8FDFB54}.Debug|x64.ActiveCfg = Debug|x64
		{58CE1265-5B1D-4CBA-9C84-C9E1F8FDFB54}.Debug|x64.Build.0 = Debug|x64
		{58CE1265-5B1D-4CBA-9C84-C9E1F8FDFB54}.Debug-fpga|x64.ActiveCfg = Debug|x64
		{58CE1265-5B1D-4CBA-9C84-C9E1F8FDFB54}.Debug-fpga|x64.Build.0 = Debug|x64
		{58CE1265-5B1D-4CBA-9C84-C9E1F8FDFB54}.Release|x64.ActiveCfg = Release|x64
		{58CE1265-5B1D-4CBA-9C84-C9E1F8FDFB54}.Release|x64.Build.0 = Release|x64
		{F11989D7-DCFE-404A-A893-E89084841327}.Debug|x64.ActiveCfg = Debug|x64
		{F11989D7-DCFE-404A-A893-E89084841327}.Debug|x64.Build.0 = Debug|x64
		{F11989D7-DCFE-404A-A893-E89084841327}.Debug-fpga|x64.ActiveCfg = Debug-fpga|x64
		{F11989D7-DCFE-404A-A893-E89084841327}.Debug-fpga|x64.Build.0 = Debug-fpga|x64
		{F11989D7-DCFE-404A-A893-E89084841327}.Release|x64.ActiveCfg = Release|x64
		{F11989D7-DCFE-404A-A893-E89084841327}.Release|x64.Build.0 = Release|x64
	EndGlobalSection
	GlobalSection(SolutionProperties) = preSolution
		HideSolutionNode = FALSE
	EndGlobalSection
	GlobalSection(ExtensibilityGlobals) = postSolution
		SolutionGuid = {A7828BD5-0BAC-439D-AB69-27661DD753C5}
	EndGlobalSection
EndGlobal
