
Microsoft Visual Studio Solution File, Format Version 12.00
# Visual Studio 15
VisualStudioVersion = 15.0.28307.705
MinimumVisualStudioVersion = 10.0.40219.1
Project("{8BC9CEB8-8B4A-11D0-8D11-00A0C91BC942}") = "triangular_loop", "triangular_loop.vcxproj", "{B9324A38-DD67-4220-9EC3-42A8ACBDC4F5}"
EndProject
Global
	GlobalSection(SolutionConfigurationPlatforms) = preSolution
		Debug|x64 = Debug|x64
		Release|x64 = Release|x64
	EndGlobalSection
	GlobalSection(ProjectConfigurationPlatforms) = postSolution
		{B9324A38-DD67-4220-9EC3-42A8ACBDC4F5}.Debug|x64.ActiveCfg = Debug|x64
		{B9324A38-DD67-4220-9EC3-42A8ACBDC4F5}.Debug|x64.Build.0 = Debug|x64
		{B9324A38-DD67-4220-9EC3-42A8ACBDC4F5}.Release|x64.ActiveCfg = Release|x64
		{B9324A38-DD67-4220-9EC3-42A8ACBDC4F5}.Release|x64.Build.0 = Release|x64
	EndGlobalSection
	GlobalSection(SolutionProperties) = preSolution
		HideSolutionNode = FALSE
	EndGlobalSection
	GlobalSection(ExtensibilityGlobals) = postSolution
		SolutionGuid = {AF287516-09DE-4A70-AF44-3C4F5D850105}
	EndGlobalSection
EndGlobal
