
Microsoft Visual Studio Solution File, Format Version 12.00
# Visual Studio 15
VisualStudioVersion = 15.0.28307.705
MinimumVisualStudioVersion = 10.0.40219.1
Project("{8BC9CEB8-8B4A-11D0-8D11-00A0C91BC942}") = "onchip_memory_cache", "onchip_memory_cache.vcxproj", "{66A01391-21D2-46BB-A37A-6B8670BEE1FC}"
EndProject
Global
	GlobalSection(SolutionConfigurationPlatforms) = preSolution
		Debug|x64 = Debug|x64
		Release|x64 = Release|x64
	EndGlobalSection
	GlobalSection(ProjectConfigurationPlatforms) = postSolution
		{66A01391-21D2-46BB-A37A-6B8670BEE1FC}.Debug|x64.ActiveCfg = Debug|x64
		{66A01391-21D2-46BB-A37A-6B8670BEE1FC}.Debug|x64.Build.0 = Debug|x64
		{66A01391-21D2-46BB-A37A-6B8670BEE1FC}.Release|x64.ActiveCfg = Release|x64
		{66A01391-21D2-46BB-A37A-6B8670BEE1FC}.Release|x64.Build.0 = Release|x64
	EndGlobalSection
	GlobalSection(SolutionProperties) = preSolution
		HideSolutionNode = FALSE
	EndGlobalSection
	GlobalSection(ExtensibilityGlobals) = postSolution
		SolutionGuid = {E3206292-E99D-4ADC-B428-E0557E8070D4}
	EndGlobalSection
EndGlobal
