
Microsoft Visual Studio Solution File, Format Version 12.00
# Visual Studio 15
VisualStudioVersion = 15.0.28307.136
MinimumVisualStudioVersion = 10.0.40219.1
Project("{8BC9CEB8-8B4A-11D0-8D11-00A0C91BC942}") = "Particle_Diffusion", "Particle_Diffusion.vcxproj", "{9A9AAD41-D608-401F-9339-FECF2C3CD8E4}"
EndProject
Global
	GlobalSection(SolutionConfigurationPlatforms) = preSolution
		Debug|x64 = Debug|x64
		Release|x64 = Release|x64
	EndGlobalSection
	GlobalSection(ProjectConfigurationPlatforms) = postSolution
		{9A9AAD41-D608-401F-9339-FECF2C3CD8E4}.Debug|x64.ActiveCfg = Debug|x64
		{9A9AAD41-D608-401F-9339-FECF2C3CD8E4}.Debug|x64.Build.0 = Debug|x64
		{9A9AAD41-D608-401F-9339-FECF2C3CD8E4}.Release|x64.ActiveCfg = Release|x64
		{9A9AAD41-D608-401F-9339-FECF2C3CD8E4}.Release|x64.Build.0 = Release|x64
	EndGlobalSection
	GlobalSection(SolutionProperties) = preSolution
		HideSolutionNode = FALSE
	EndGlobalSection
	GlobalSection(ExtensibilityGlobals) = postSolution
		SolutionGuid = {8E9143FB-0D63-4518-8E00-05D9E8F5CACB}
	EndGlobalSection
EndGlobal
