
Microsoft Visual Studio Solution File, Format Version 12.00
# Visual Studio 15
VisualStudioVersion = 15.0.27703.2042
MinimumVisualStudioVersion = 10.0.40219.1
Project("{8BC9CEB8-8B4A-11D0-8D11-00A0C91BC942}") = "hello-decode", "hello-decode.vcxproj", "{2DB76D84-8637-48B1-ABE1-BFB1DFA09A08}"
EndProject
Global
	GlobalSection(SolutionConfigurationPlatforms) = preSolution
		Debug|x64 = Debug|x64
		Release|x64 = Release|x64
	EndGlobalSection
	GlobalSection(ProjectConfigurationPlatforms) = postSolution
		{2DB76D84-8637-48B1-ABE1-BFB1DFA09A08}.Debug|x64.ActiveCfg = Debug|x64
		{2DB76D84-8637-48B1-ABE1-BFB1DFA09A08}.Debug|x64.Build.0 = Debug|x64
		{2DB76D84-8637-48B1-ABE1-BFB1DFA09A08}.Release|x64.ActiveCfg = Release|x64
		{2DB76D84-8637-48B1-ABE1-BFB1DFA09A08}.Release|x64.Build.0 = Release|x64
	EndGlobalSection
	GlobalSection(SolutionProperties) = preSolution
		HideSolutionNode = FALSE
	EndGlobalSection
	GlobalSection(ExtensibilityGlobals) = postSolution
		SolutionGuid = {E209F0AF-0CE9-4817-9ACE-A3972CF479DB}
	EndGlobalSection
EndGlobal
