
Microsoft Visual Studio Solution File, Format Version 12.00
# Visual Studio Version 17
VisualStudioVersion = 17.2.32526.322
MinimumVisualStudioVersion = 10.0.40219.1
Project("{8BC9CEB8-8B4A-11D0-8D11-00A0C91BC942}") = "1_CPU_only", "VSProjects\1_CPU_only\1_CPU_only.vcxproj", "{5023D3BC-168C-4D26-8F42-CF5221C0A6FA}"
EndProject
Project("{8BC9CEB8-8B4A-11D0-8D11-00A0C91BC942}") = "2_GPU_basic", "VSProjects\2_GPU_basic\2_GPU_basic.vcxproj", "{8FAA0417-6015-4442-B371-2E76EB568DF9}"
EndProject
Project("{8BC9CEB8-8B4A-11D0-8D11-00A0C91BC942}") = "3_GPU_linear", "VSProjects\3_GPU_linear\3_GPU_linear.vcxproj", "{4A8464CE-EFD1-4931-B082-8E73C1F45B61}"
EndProject
Project("{8BC9CEB8-8B4A-11D0-8D11-00A0C91BC942}") = "4_GPU_private_memory_I", "VSProjects\4_GPU_private_memory_I\4_GPU_private_memory_I.vcxproj", "{D8C54BA0-7DC5-4022-AED4-AC5E83FCE3A0}"
EndProject
Project("{8BC9CEB8-8B4A-11D0-8D11-00A0C91BC942}") = "4_GPU_private_memory_K", "VSProjects\4_GPU_private_memory_K\4_GPU_private_memory_K.vcxproj", "{8B66B14D-98BB-490D-9620-B5532F93EFE8}"
EndProject
Project("{8BC9CEB8-8B4A-11D0-8D11-00A0C91BC942}") = "5_GPU_optimized", "VSProjects\5_GPU_optimized\5_GPU_optimized.vcxproj", "{DA0FE475-E06F-4988-8E4D-D3FFB9B89955}"
EndProject
Global
	GlobalSection(SolutionConfigurationPlatforms) = preSolution
		Bad_Rel|x64 = Bad_Rel|x64
		Debug|x64 = Debug|x64
		Good_Rel|x64 = Good_Rel|x64
		Release|x64 = Release|x64
	EndGlobalSection
	GlobalSection(ProjectConfigurationPlatforms) = postSolution
		{5023D3BC-168C-4D26-8F42-CF5221C0A6FA}.Bad_Rel|x64.ActiveCfg = Release|x64
		{5023D3BC-168C-4D26-8F42-CF5221C0A6FA}.Bad_Rel|x64.Build.0 = Release|x64
		{5023D3BC-168C-4D26-8F42-CF5221C0A6FA}.Debug|x64.ActiveCfg = Debug|x64
		{5023D3BC-168C-4D26-8F42-CF5221C0A6FA}.Debug|x64.Build.0 = Debug|x64
		{5023D3BC-168C-4D26-8F42-CF5221C0A6FA}.Good_Rel|x64.ActiveCfg = Release|x64
		{5023D3BC-168C-4D26-8F42-CF5221C0A6FA}.Good_Rel|x64.Build.0 = Release|x64
		{5023D3BC-168C-4D26-8F42-CF5221C0A6FA}.Release|x64.ActiveCfg = Release|x64
		{5023D3BC-168C-4D26-8F42-CF5221C0A6FA}.Release|x64.Build.0 = Release|x64
		{8FAA0417-6015-4442-B371-2E76EB568DF9}.Bad_Rel|x64.ActiveCfg = Release|x64
		{8FAA0417-6015-4442-B371-2E76EB568DF9}.Bad_Rel|x64.Build.0 = Release|x64
		{8FAA0417-6015-4442-B371-2E76EB568DF9}.Debug|x64.ActiveCfg = Debug|x64
		{8FAA0417-6015-4442-B371-2E76EB568DF9}.Debug|x64.Build.0 = Debug|x64
		{8FAA0417-6015-4442-B371-2E76EB568DF9}.Good_Rel|x64.ActiveCfg = Release|x64
		{8FAA0417-6015-4442-B371-2E76EB568DF9}.Good_Rel|x64.Build.0 = Release|x64
		{8FAA0417-6015-4442-B371-2E76EB568DF9}.Release|x64.ActiveCfg = Release|x64
		{8FAA0417-6015-4442-B371-2E76EB568DF9}.Release|x64.Build.0 = Release|x64
		{4A8464CE-EFD1-4931-B082-8E73C1F45B61}.Bad_Rel|x64.ActiveCfg = Release|x64
		{4A8464CE-EFD1-4931-B082-8E73C1F45B61}.Bad_Rel|x64.Build.0 = Release|x64
		{4A8464CE-EFD1-4931-B082-8E73C1F45B61}.Debug|x64.ActiveCfg = Debug|x64
		{4A8464CE-EFD1-4931-B082-8E73C1F45B61}.Debug|x64.Build.0 = Debug|x64
		{4A8464CE-EFD1-4931-B082-8E73C1F45B61}.Good_Rel|x64.ActiveCfg = Release|x64
		{4A8464CE-EFD1-4931-B082-8E73C1F45B61}.Good_Rel|x64.Build.0 = Release|x64
		{4A8464CE-EFD1-4931-B082-8E73C1F45B61}.Release|x64.ActiveCfg = Release|x64
		{4A8464CE-EFD1-4931-B082-8E73C1F45B61}.Release|x64.Build.0 = Release|x64
		{D8C54BA0-7DC5-4022-AED4-AC5E83FCE3A0}.Bad_Rel|x64.ActiveCfg = Release|x64
		{D8C54BA0-7DC5-4022-AED4-AC5E83FCE3A0}.Bad_Rel|x64.Build.0 = Release|x64
		{D8C54BA0-7DC5-4022-AED4-AC5E83FCE3A0}.Debug|x64.ActiveCfg = Debug|x64
		{D8C54BA0-7DC5-4022-AED4-AC5E83FCE3A0}.Debug|x64.Build.0 = Debug|x64
		{D8C54BA0-7DC5-4022-AED4-AC5E83FCE3A0}.Good_Rel|x64.ActiveCfg = Release|x64
		{D8C54BA0-7DC5-4022-AED4-AC5E83FCE3A0}.Good_Rel|x64.Build.0 = Release|x64
		{D8C54BA0-7DC5-4022-AED4-AC5E83FCE3A0}.Release|x64.ActiveCfg = Release|x64
		{D8C54BA0-7DC5-4022-AED4-AC5E83FCE3A0}.Release|x64.Build.0 = Release|x64
		{8B66B14D-98BB-490D-9620-B5532F93EFE8}.Bad_Rel|x64.ActiveCfg = Release|x64
		{8B66B14D-98BB-490D-9620-B5532F93EFE8}.Bad_Rel|x64.Build.0 = Release|x64
		{8B66B14D-98BB-490D-9620-B5532F93EFE8}.Debug|x64.ActiveCfg = Debug|x64
		{8B66B14D-98BB-490D-9620-B5532F93EFE8}.Debug|x64.Build.0 = Debug|x64
		{8B66B14D-98BB-490D-9620-B5532F93EFE8}.Good_Rel|x64.ActiveCfg = Release|x64
		{8B66B14D-98BB-490D-9620-B5532F93EFE8}.Good_Rel|x64.Build.0 = Release|x64
		{8B66B14D-98BB-490D-9620-B5532F93EFE8}.Release|x64.ActiveCfg = Release|x64
		{8B66B14D-98BB-490D-9620-B5532F93EFE8}.Release|x64.Build.0 = Release|x64
		{DA0FE475-E06F-4988-8E4D-D3FFB9B89955}.Bad_Rel|x64.ActiveCfg = Bad_Rel|x64
		{DA0FE475-E06F-4988-8E4D-D3FFB9B89955}.Bad_Rel|x64.Build.0 = Bad_Rel|x64
		{DA0FE475-E06F-4988-8E4D-D3FFB9B89955}.Debug|x64.ActiveCfg = Debug|x64
		{DA0FE475-E06F-4988-8E4D-D3FFB9B89955}.Debug|x64.Build.0 = Debug|x64
		{DA0FE475-E06F-4988-8E4D-D3FFB9B89955}.Good_Rel|x64.ActiveCfg = Good_Rel|x64
		{DA0FE475-E06F-4988-8E4D-D3FFB9B89955}.Good_Rel|x64.Build.0 = Good_Rel|x64
		{DA0FE475-E06F-4988-8E4D-D3FFB9B89955}.Release|x64.ActiveCfg = Release|x64
		{DA0FE475-E06F-4988-8E4D-D3FFB9B89955}.Release|x64.Build.0 = Release|x64
	EndGlobalSection
	GlobalSection(SolutionProperties) = preSolution
		HideSolutionNode = FALSE
	EndGlobalSection
	GlobalSection(ExtensibilityGlobals) = postSolution
		SolutionGuid = {C8A5494D-439D-4B7D-BA03-8EB597F08ACA}
	EndGlobalSection
EndGlobal
