
Microsoft Visual Studio Solution File, Format Version 12.00
# Visual Studio Version 16
VisualStudioVersion = 16.0.30309.148
MinimumVisualStudioVersion = 10.0.40219.1
Project("{8BC9CEB8-8B4A-11D0-8D11-00A0C91BC942}") = "needleman-wunsch", "needleman-wunsch.vcxproj", "{CA34E63B-849F-39A1-BD7E-3E5801FEB558}"
EndProject
Global
	GlobalSection(SolutionConfigurationPlatforms) = preSolution
		Debug|x64 = Debug|x64
		Release|x64 = Release|x64
	EndGlobalSection
	GlobalSection(ProjectConfigurationPlatforms) = postSolution
		{CA34E63B-849F-39A1-BD7E-3E5801FEB558}.Debug|x64.ActiveCfg = Debug|x64
		{CA34E63B-849F-39A1-BD7E-3E5801FEB558}.Debug|x64.Build.0 = Debug|x64
		{CA34E63B-849F-39A1-BD7E-3E5801FEB558}.Release|x64.ActiveCfg = Debug|x64
		{CA34E63B-849F-39A1-BD7E-3E5801FEB558}.Release|x64.Build.0 = Debug|x64
	EndGlobalSection
	GlobalSection(SolutionProperties) = preSolution
		HideSolutionNode = FALSE
	EndGlobalSection
	GlobalSection(ExtensibilityGlobals) = postSolution
		SolutionGuid = {CE9D9912-A60C-38A9-B351-54ED636FE1CD}
	EndGlobalSection
EndGlobal
