
Microsoft Visual Studio Solution File, Format Version 12.00
# Visual Studio 15
VisualStudioVersion = 15.0.28307.705
MinimumVisualStudioVersion = 10.0.40219.1
Project("{8BC9CEB8-8B4A-11D0-8D11-00A0C91BC942}") = "loop_coalesce", "loop_coalesce.vcxproj", "{CF6A576B-665D-4F24-BB62-0DAE7A7B3C64}"
EndProject
Global
	GlobalSection(SolutionConfigurationPlatforms) = preSolution
		Debug|x64 = Debug|x64
		Release|x64 = Release|x64
	EndGlobalSection
	GlobalSection(ProjectConfigurationPlatforms) = postSolution
		{CF6A576B-665D-4F24-BB62-0DAE7A7B3C64}.Debug|x64.ActiveCfg = Debug|x64
		{CF6A576B-665D-4F24-BB62-0DAE7A7B3C64}.Debug|x64.Build.0 = Debug|x64
		{CF6A576B-665D-4F24-BB62-0DAE7A7B3C64}.Release|x64.ActiveCfg = Release|x64
		{CF6A576B-665D-4F24-BB62-0DAE7A7B3C64}.Release|x64.Build.0 = Release|x64
	EndGlobalSection
	GlobalSection(SolutionProperties) = preSolution
		HideSolutionNode = FALSE
	EndGlobalSection
	GlobalSection(ExtensibilityGlobals) = postSolution
		SolutionGuid = {92BEFAAB-0365-4E5A-9C4A-E50AB49B2A6B}
	EndGlobalSection
EndGlobal