
Microsoft Visual Studio Solution File, Format Version 12.00
# Visual Studio 15
VisualStudioVersion = 15.0.28307.705
MinimumVisualStudioVersion = 10.0.40219.1
Project("{8BC9CEB8-8B4A-11D0-8D11-00A0C91BC942}") = "max_interleaving", "max_interleaving.vcxproj", "{F0CE4972-62AF-4B9F-996F-1D1DB14D76B7}"
EndProject
Global
	GlobalSection(SolutionConfigurationPlatforms) = preSolution
		Debug|x64 = Debug|x64
		Release|x64 = Release|x64
	EndGlobalSection
	GlobalSection(ProjectConfigurationPlatforms) = postSolution
		{F0CE4972-62AF-4B9F-996F-1D1DB14D76B7}.Debug|x64.ActiveCfg = Debug|x64
		{F0CE4972-62AF-4B9F-996F-1D1DB14D76B7}.Debug|x64.Build.0 = Debug|x64
		{F0CE4972-62AF-4B9F-996F-1D1DB14D76B7}.Release|x64.ActiveCfg = Release|x64
		{F0CE4972-62AF-4B9F-996F-1D1DB14D76B7}.Release|x64.Build.0 = Release|x64
	EndGlobalSection
	GlobalSection(SolutionProperties) = preSolution
		HideSolutionNode = FALSE
	EndGlobalSection
	GlobalSection(ExtensibilityGlobals) = postSolution
		SolutionGuid = {3247AB7C-282F-4907-B1F4-E944349A8835}
	EndGlobalSection
EndGlobal
